// !$*UTF8*$!
{
	archiveVersion = 1;
	classes = {
	};
	objectVersion = 55;
	objects = {

/* Begin PBXBuildFile section */
		07122993284EDB810069FA8E /* AccountSummaryViewController.swift in Sources */ = {isa = PBXBuildFile; fileRef = 07122992284EDB810069FA8E /* AccountSummaryViewController.swift */; };
		07122995285538C20069FA8E /* AccountSummaryHeaderView.swift in Sources */ = {isa = PBXBuildFile; fileRef = 07122994285538C20069FA8E /* AccountSummaryHeaderView.swift */; };
		07122997285539250069FA8E /* AccountSummaryHeaderView.xib in Resources */ = {isa = PBXBuildFile; fileRef = 07122996285539250069FA8E /* AccountSummaryHeaderView.xib */; };
		0712299B285554640069FA8E /* AccountSummaryCell.swift in Sources */ = {isa = PBXBuildFile; fileRef = 0712299A285554640069FA8E /* AccountSummaryCell.swift */; };
		0712299D285585600069FA8E /* Decimal+Utils.swift in Sources */ = {isa = PBXBuildFile; fileRef = 0712299C285585600069FA8E /* Decimal+Utils.swift */; };
		0712299F285585D40069FA8E /* CurrencyFormatter.swift in Sources */ = {isa = PBXBuildFile; fileRef = 0712299E285585D40069FA8E /* CurrencyFormatter.swift */; };
		071229AE2856640B0069FA8E /* CurrencyFormatterTests.swift in Sources */ = {isa = PBXBuildFile; fileRef = 071229AD2856640B0069FA8E /* CurrencyFormatterTests.swift */; };
		071229B02856B1FD0069FA8E /* NSNotificationName.swift in Sources */ = {isa = PBXBuildFile; fileRef = 071229AF2856B1FD0069FA8E /* NSNotificationName.swift */; };
		071229B22856B4650069FA8E /* UITextField+SecureToggle.swift in Sources */ = {isa = PBXBuildFile; fileRef = 071229B12856B4650069FA8E /* UITextField+SecureToggle.swift */; };
		0762CA02285EB2A50004B35B /* Date+Utils.swift in Sources */ = {isa = PBXBuildFile; fileRef = 0762CA01285EB2A50004B35B /* Date+Utils.swift */; };
		0762CA04285EB37F0004B35B /* AccountSummaryViewController+Networking.swift in Sources */ = {isa = PBXBuildFile; fileRef = 0762CA03285EB37F0004B35B /* AccountSummaryViewController+Networking.swift */; };
		07657BE127D5844E00C1CA7F /* OnboardingContainerViewController.swift in Sources */ = {isa = PBXBuildFile; fileRef = 07657BE027D5844E00C1CA7F /* OnboardingContainerViewController.swift */; };
		07657BE327D7A47E00C1CA7F /* OnboardingViewController.swift in Sources */ = {isa = PBXBuildFile; fileRef = 07657BE227D7A47E00C1CA7F /* OnboardingViewController.swift */; };
		079BD28E27FF38A1000AB30D /* UIViewController+Utils.swift in Sources */ = {isa = PBXBuildFile; fileRef = 079BD28D27FF38A1000AB30D /* UIViewController+Utils.swift */; };
		079BD29027FF39BA000AB30D /* MainViewController.swift in Sources */ = {isa = PBXBuildFile; fileRef = 079BD28F27FF39BA000AB30D /* MainViewController.swift */; };
		07B1FC81285C1126000DADF8 /* ShakeyBellView.swift in Sources */ = {isa = PBXBuildFile; fileRef = 07B1FC80285C1126000DADF8 /* ShakeyBellView.swift */; };
		07D69A6627D193E700552009 /* AppDelegate.swift in Sources */ = {isa = PBXBuildFile; fileRef = 07D69A6527D193E700552009 /* AppDelegate.swift */; };
		07D69A6A27D193E700552009 /* LoginViewController.swift in Sources */ = {isa = PBXBuildFile; fileRef = 07D69A6927D193E700552009 /* LoginViewController.swift */; };
		07D69A6F27D193E800552009 /* Assets.xcassets in Resources */ = {isa = PBXBuildFile; fileRef = 07D69A6E27D193E800552009 /* Assets.xcassets */; };
		07D69A7227D193E800552009 /* LaunchScreen.storyboard in Resources */ = {isa = PBXBuildFile; fileRef = 07D69A7027D193E800552009 /* LaunchScreen.storyboard */; };
		07E1858227FBD8E400D2C6D2 /* DummyViewController.swift in Sources */ = {isa = PBXBuildFile; fileRef = 07E1858127FBD8E400D2C6D2 /* DummyViewController.swift */; };
		07E1858527FBDFAF00D2C6D2 /* LocalState.swift in Sources */ = {isa = PBXBuildFile; fileRef = 07E1858427FBDFAF00D2C6D2 /* LocalState.swift */; };
		07EBC81127D25430001BAC31 /* LoginView.swift in Sources */ = {isa = PBXBuildFile; fileRef = 07EBC81027D25430001BAC31 /* LoginView.swift */; };
/* End PBXBuildFile section */

/* Begin PBXContainerItemProxy section */
		071229A8285649450069FA8E /* PBXContainerItemProxy */ = {
			isa = PBXContainerItemProxy;
			containerPortal = 07D69A5A27D193E700552009 /* Project object */;
			proxyType = 1;
			remoteGlobalIDString = 07D69A6127D193E700552009;
			remoteInfo = Bankey;
		};
/* End PBXContainerItemProxy section */

/* Begin PBXFileReference section */
		07122992284EDB810069FA8E /* AccountSummaryViewController.swift */ = {isa = PBXFileReference; lastKnownFileType = sourcecode.swift; path = AccountSummaryViewController.swift; sourceTree = "<group>"; };
		07122994285538C20069FA8E /* AccountSummaryHeaderView.swift */ = {isa = PBXFileReference; lastKnownFileType = sourcecode.swift; path = AccountSummaryHeaderView.swift; sourceTree = "<group>"; };
		07122996285539250069FA8E /* AccountSummaryHeaderView.xib */ = {isa = PBXFileReference; lastKnownFileType = file.xib; path = AccountSummaryHeaderView.xib; sourceTree = "<group>"; };
		0712299A285554640069FA8E /* AccountSummaryCell.swift */ = {isa = PBXFileReference; lastKnownFileType = sourcecode.swift; path = AccountSummaryCell.swift; sourceTree = "<group>"; };
		0712299C285585600069FA8E /* Decimal+Utils.swift */ = {isa = PBXFileReference; lastKnownFileType = sourcecode.swift; path = "Decimal+Utils.swift"; sourceTree = "<group>"; };
		0712299E285585D40069FA8E /* CurrencyFormatter.swift */ = {isa = PBXFileReference; lastKnownFileType = sourcecode.swift; path = CurrencyFormatter.swift; sourceTree = "<group>"; };
		071229A4285649450069FA8E /* BankeyUnitTests.xctest */ = {isa = PBXFileReference; explicitFileType = wrapper.cfbundle; includeInIndex = 0; path = BankeyUnitTests.xctest; sourceTree = BUILT_PRODUCTS_DIR; };
		071229AD2856640B0069FA8E /* CurrencyFormatterTests.swift */ = {isa = PBXFileReference; lastKnownFileType = sourcecode.swift; path = CurrencyFormatterTests.swift; sourceTree = "<group>"; };
		071229AF2856B1FD0069FA8E /* NSNotificationName.swift */ = {isa = PBXFileReference; lastKnownFileType = sourcecode.swift; path = NSNotificationName.swift; sourceTree = "<group>"; };
		071229B12856B4650069FA8E /* UITextField+SecureToggle.swift */ = {isa = PBXFileReference; lastKnownFileType = sourcecode.swift; path = "UITextField+SecureToggle.swift"; sourceTree = "<group>"; };
		0762CA01285EB2A50004B35B /* Date+Utils.swift */ = {isa = PBXFileReference; lastKnownFileType = sourcecode.swift; path = "Date+Utils.swift"; sourceTree = "<group>"; };
		0762CA03285EB37F0004B35B /* AccountSummaryViewController+Networking.swift */ = {isa = PBXFileReference; lastKnownFileType = sourcecode.swift; path = "AccountSummaryViewController+Networking.swift"; sourceTree = "<group>"; };
		07657BE027D5844E00C1CA7F /* OnboardingContainerViewController.swift */ = {isa = PBXFileReference; lastKnownFileType = sourcecode.swift; path = OnboardingContainerViewController.swift; sourceTree = "<group>"; };
		07657BE227D7A47E00C1CA7F /* OnboardingViewController.swift */ = {isa = PBXFileReference; lastKnownFileType = sourcecode.swift; path = OnboardingViewController.swift; sourceTree = "<group>"; };
		079BD28D27FF38A1000AB30D /* UIViewController+Utils.swift */ = {isa = PBXFileReference; lastKnownFileType = sourcecode.swift; path = "UIViewController+Utils.swift"; sourceTree = "<group>"; };
		079BD28F27FF39BA000AB30D /* MainViewController.swift */ = {isa = PBXFileReference; lastKnownFileType = sourcecode.swift; path = MainViewController.swift; sourceTree = "<group>"; };
		07B1FC80285C1126000DADF8 /* ShakeyBellView.swift */ = {isa = PBXFileReference; lastKnownFileType = sourcecode.swift; path = ShakeyBellView.swift; sourceTree = "<group>"; };
		07D69A6227D193E700552009 /* Bankey.app */ = {isa = PBXFileReference; explicitFileType = wrapper.application; includeInIndex = 0; path = Bankey.app; sourceTree = BUILT_PRODUCTS_DIR; };
		07D69A6527D193E700552009 /* AppDelegate.swift */ = {isa = PBXFileReference; lastKnownFileType = sourcecode.swift; path = AppDelegate.swift; sourceTree = "<group>"; };
		07D69A6927D193E700552009 /* LoginViewController.swift */ = {isa = PBXFileReference; lastKnownFileType = sourcecode.swift; path = LoginViewController.swift; sourceTree = "<group>"; };
		07D69A6E27D193E800552009 /* Assets.xcassets */ = {isa = PBXFileReference; lastKnownFileType = folder.assetcatalog; path = Assets.xcassets; sourceTree = "<group>"; };
		07D69A7127D193E800552009 /* Base */ = {isa = PBXFileReference; lastKnownFileType = file.storyboard; name = Base; path = Base.lproj/LaunchScreen.storyboard; sourceTree = "<group>"; };
		07D69A7327D193E800552009 /* Info.plist */ = {isa = PBXFileReference; lastKnownFileType = text.plist.xml; path = Info.plist; sourceTree = "<group>"; };
		07E1858127FBD8E400D2C6D2 /* DummyViewController.swift */ = {isa = PBXFileReference; lastKnownFileType = sourcecode.swift; path = DummyViewController.swift; sourceTree = "<group>"; };
		07E1858427FBDFAF00D2C6D2 /* LocalState.swift */ = {isa = PBXFileReference; lastKnownFileType = sourcecode.swift; path = LocalState.swift; sourceTree = "<group>"; };
		07EBC81027D25430001BAC31 /* LoginView.swift */ = {isa = PBXFileReference; lastKnownFileType = sourcecode.swift; path = LoginView.swift; sourceTree = "<group>"; };
/* End PBXFileReference section */

/* Begin PBXFrameworksBuildPhase section */
		071229A1285649450069FA8E /* Frameworks */ = {
			isa = PBXFrameworksBuildPhase;
			buildActionMask = 2147483647;
			files = (
			);
			runOnlyForDeploymentPostprocessing = 0;
		};
		07D69A5F27D193E700552009 /* Frameworks */ = {
			isa = PBXFrameworksBuildPhase;
			buildActionMask = 2147483647;
			files = (
			);
			runOnlyForDeploymentPostprocessing = 0;
		};
/* End PBXFrameworksBuildPhase section */

/* Begin PBXGroup section */
		07122991284EDB480069FA8E /* AccountSummary */ = {
			isa = PBXGroup;
			children = (
				07122992284EDB810069FA8E /* AccountSummaryViewController.swift */,
				0762CA03285EB37F0004B35B /* AccountSummaryViewController+Networking.swift */,
				07122998285553CC0069FA8E /* Header */,
				071229992855542C0069FA8E /* Cells */,
			);
			name = AccountSummary;
			sourceTree = "<group>";
		};
		07122998285553CC0069FA8E /* Header */ = {
			isa = PBXGroup;
			children = (
				07122994285538C20069FA8E /* AccountSummaryHeaderView.swift */,
				07122996285539250069FA8E /* AccountSummaryHeaderView.xib */,
			);
			name = Header;
			sourceTree = "<group>";
		};
		071229992855542C0069FA8E /* Cells */ = {
			isa = PBXGroup;
			children = (
				0712299A285554640069FA8E /* AccountSummaryCell.swift */,
			);
			name = Cells;
			sourceTree = "<group>";
		};
		071229A5285649450069FA8E /* BankeyUnitTests */ = {
			isa = PBXGroup;
			children = (
				071229AD2856640B0069FA8E /* CurrencyFormatterTests.swift */,
			);
			path = BankeyUnitTests;
			sourceTree = "<group>";
		};
		07657BDF27D5840D00C1CA7F /* Onboarding */ = {
			isa = PBXGroup;
			children = (
				07657BE027D5844E00C1CA7F /* OnboardingContainerViewController.swift */,
				07657BE227D7A47E00C1CA7F /* OnboardingViewController.swift */,
			);
			name = Onboarding;
			sourceTree = "<group>";
		};
		07B1FC7F285C1101000DADF8 /* Components */ = {
			isa = PBXGroup;
			children = (
				07B1FC80285C1126000DADF8 /* ShakeyBellView.swift */,
			);
			name = Components;
			sourceTree = "<group>";
		};
		07D69A5927D193E700552009 = {
			isa = PBXGroup;
			children = (
				07D69A6427D193E700552009 /* Bankey */,
				071229A5285649450069FA8E /* BankeyUnitTests */,
				07D69A6327D193E700552009 /* Products */,
			);
			sourceTree = "<group>";
		};
		07D69A6327D193E700552009 /* Products */ = {
			isa = PBXGroup;
			children = (
				07D69A6227D193E700552009 /* Bankey.app */,
				071229A4285649450069FA8E /* BankeyUnitTests.xctest */,
			);
			name = Products;
			sourceTree = "<group>";
		};
		07D69A6427D193E700552009 /* Bankey */ = {
			isa = PBXGroup;
			children = (
				07D69A6527D193E700552009 /* AppDelegate.swift */,
				079BD28F27FF39BA000AB30D /* MainViewController.swift */,
				07EBC80F27D25411001BAC31 /* Login */,
				07657BDF27D5840D00C1CA7F /* Onboarding */,
				07122991284EDB480069FA8E /* AccountSummary */,
				07E1858327FBDFA100D2C6D2 /* Utils */,
				07B1FC7F285C1101000DADF8 /* Components */,
				07EBC80E27D253E1001BAC31 /* Files */,
			);
			path = Bankey;
			sourceTree = "<group>";
		};
		07E1858327FBDFA100D2C6D2 /* Utils */ = {
			isa = PBXGroup;
			children = (
				079BD28D27FF38A1000AB30D /* UIViewController+Utils.swift */,
				0712299C285585600069FA8E /* Decimal+Utils.swift */,
				071229B12856B4650069FA8E /* UITextField+SecureToggle.swift */,
				07E1858427FBDFAF00D2C6D2 /* LocalState.swift */,
				0712299E285585D40069FA8E /* CurrencyFormatter.swift */,
				071229AF2856B1FD0069FA8E /* NSNotificationName.swift */,
				0762CA01285EB2A50004B35B /* Date+Utils.swift */,
			);
			name = Utils;
			sourceTree = "<group>";
		};
		07EBC80E27D253E1001BAC31 /* Files */ = {
			isa = PBXGroup;
			children = (
				07D69A6E27D193E800552009 /* Assets.xcassets */,
				07D69A7027D193E800552009 /* LaunchScreen.storyboard */,
				07D69A7327D193E800552009 /* Info.plist */,
			);
			name = Files;
			sourceTree = "<group>";
		};
		07EBC80F27D25411001BAC31 /* Login */ = {
			isa = PBXGroup;
			children = (
				07D69A6927D193E700552009 /* LoginViewController.swift */,
				07EBC81027D25430001BAC31 /* LoginView.swift */,
				07E1858127FBD8E400D2C6D2 /* DummyViewController.swift */,
			);
			name = Login;
			sourceTree = "<group>";
		};
/* End PBXGroup section */

/* Begin PBXNativeTarget section */
		071229A3285649450069FA8E /* BankeyUnitTests */ = {
			isa = PBXNativeTarget;
			buildConfigurationList = 071229AC285649450069FA8E /* Build configuration list for PBXNativeTarget "BankeyUnitTests" */;
			buildPhases = (
				071229A0285649450069FA8E /* Sources */,
				071229A1285649450069FA8E /* Frameworks */,
				071229A2285649450069FA8E /* Resources */,
			);
			buildRules = (
			);
			dependencies = (
				071229A9285649450069FA8E /* PBXTargetDependency */,
			);
			name = BankeyUnitTests;
			productName = BankeyUnitTests;
			productReference = 071229A4285649450069FA8E /* BankeyUnitTests.xctest */;
			productType = "com.apple.product-type.bundle.unit-test";
		};
		07D69A6127D193E700552009 /* Bankey */ = {
			isa = PBXNativeTarget;
			buildConfigurationList = 07D69A7627D193E800552009 /* Build configuration list for PBXNativeTarget "Bankey" */;
			buildPhases = (
				07D69A5E27D193E700552009 /* Sources */,
				07D69A5F27D193E700552009 /* Frameworks */,
				07D69A6027D193E700552009 /* Resources */,
			);
			buildRules = (
			);
			dependencies = (
			);
			name = Bankey;
			productName = Bankey;
			productReference = 07D69A6227D193E700552009 /* Bankey.app */;
			productType = "com.apple.product-type.application";
		};
/* End PBXNativeTarget section */

/* Begin PBXProject section */
		07D69A5A27D193E700552009 /* Project object */ = {
			isa = PBXProject;
			attributes = {
				BuildIndependentTargetsInParallel = 1;
				LastSwiftUpdateCheck = 1340;
				LastUpgradeCheck = 1320;
				TargetAttributes = {
					071229A3285649450069FA8E = {
						CreatedOnToolsVersion = 13.4.1;
						LastSwiftMigration = 1340;
						TestTargetID = 07D69A6127D193E700552009;
					};
					07D69A6127D193E700552009 = {
						CreatedOnToolsVersion = 13.2.1;
					};
				};
			};
			buildConfigurationList = 07D69A5D27D193E700552009 /* Build configuration list for PBXProject "Bankey" */;
			compatibilityVersion = "Xcode 13.0";
			developmentRegion = en;
			hasScannedForEncodings = 0;
			knownRegions = (
				en,
				Base,
			);
			mainGroup = 07D69A5927D193E700552009;
			productRefGroup = 07D69A6327D193E700552009 /* Products */;
			projectDirPath = "";
			projectRoot = "";
			targets = (
				07D69A6127D193E700552009 /* Bankey */,
				071229A3285649450069FA8E /* BankeyUnitTests */,
			);
		};
/* End PBXProject section */

/* Begin PBXResourcesBuildPhase section */
		071229A2285649450069FA8E /* Resources */ = {
			isa = PBXResourcesBuildPhase;
			buildActionMask = 2147483647;
			files = (
			);
			runOnlyForDeploymentPostprocessing = 0;
		};
		07D69A6027D193E700552009 /* Resources */ = {
			isa = PBXResourcesBuildPhase;
			buildActionMask = 2147483647;
			files = (
				07122997285539250069FA8E /* AccountSummaryHeaderView.xib in Resources */,
				07D69A7227D193E800552009 /* LaunchScreen.storyboard in Resources */,
				07D69A6F27D193E800552009 /* Assets.xcassets in Resources */,
			);
			runOnlyForDeploymentPostprocessing = 0;
		};
/* End PBXResourcesBuildPhase section */

/* Begin PBXSourcesBuildPhase section */
		071229A0285649450069FA8E /* Sources */ = {
			isa = PBXSourcesBuildPhase;
			buildActionMask = 2147483647;
			files = (
				071229AE2856640B0069FA8E /* CurrencyFormatterTests.swift in Sources */,
			);
			runOnlyForDeploymentPostprocessing = 0;
		};
		07D69A5E27D193E700552009 /* Sources */ = {
			isa = PBXSourcesBuildPhase;
			buildActionMask = 2147483647;
			files = (
				079BD28E27FF38A1000AB30D /* UIViewController+Utils.swift in Sources */,
				0762CA02285EB2A50004B35B /* Date+Utils.swift in Sources */,
				07EBC81127D25430001BAC31 /* LoginView.swift in Sources */,
				07E1858527FBDFAF00D2C6D2 /* LocalState.swift in Sources */,
				07122995285538C20069FA8E /* AccountSummaryHeaderView.swift in Sources */,
				071229B22856B4650069FA8E /* UITextField+SecureToggle.swift in Sources */,
				07E1858227FBD8E400D2C6D2 /* DummyViewController.swift in Sources */,
				0712299F285585D40069FA8E /* CurrencyFormatter.swift in Sources */,
				0712299D285585600069FA8E /* Decimal+Utils.swift in Sources */,
				071229B02856B1FD0069FA8E /* NSNotificationName.swift in Sources */,
				07D69A6A27D193E700552009 /* LoginViewController.swift in Sources */,
				07B1FC81285C1126000DADF8 /* ShakeyBellView.swift in Sources */,
				0712299B285554640069FA8E /* AccountSummaryCell.swift in Sources */,
				07657BE327D7A47E00C1CA7F /* OnboardingViewController.swift in Sources */,
				079BD29027FF39BA000AB30D /* MainViewController.swift in Sources */,
				07122993284EDB810069FA8E /* AccountSummaryViewController.swift in Sources */,
				07D69A6627D193E700552009 /* AppDelegate.swift in Sources */,
				07657BE127D5844E00C1CA7F /* OnboardingContainerViewController.swift in Sources */,
				0762CA04285EB37F0004B35B /* AccountSummaryViewController+Networking.swift in Sources */,
			);
			runOnlyForDeploymentPostprocessing = 0;
		};
/* End PBXSourcesBuildPhase section */

/* Begin PBXTargetDependency section */
		071229A9285649450069FA8E /* PBXTargetDependency */ = {
			isa = PBXTargetDependency;
			target = 07D69A6127D193E700552009 /* Bankey */;
			targetProxy = 071229A8285649450069FA8E /* PBXContainerItemProxy */;
		};
/* End PBXTargetDependency section */

/* Begin PBXVariantGroup section */
		07D69A7027D193E800552009 /* LaunchScreen.storyboard */ = {
			isa = PBXVariantGroup;
			children = (
				07D69A7127D193E800552009 /* Base */,
			);
			name = LaunchScreen.storyboard;
			sourceTree = "<group>";
		};
/* End PBXVariantGroup section */

/* Begin XCBuildConfiguration section */
		071229AA285649450069FA8E /* Debug */ = {
			isa = XCBuildConfiguration;
			buildSettings = {
				BUNDLE_LOADER = "$(TEST_HOST)";
				CLANG_ENABLE_MODULES = YES;
				CODE_SIGN_STYLE = Automatic;
				CURRENT_PROJECT_VERSION = 1;
				DEVELOPMENT_TEAM = S5B48PD3CP;
				GENERATE_INFOPLIST_FILE = YES;
				IPHONEOS_DEPLOYMENT_TARGET = 15.5;
				LD_RUNPATH_SEARCH_PATHS = (
					"$(inherited)",
					"@executable_path/Frameworks",
					"@loader_path/Frameworks",
				);
				MARKETING_VERSION = 1.0;
				PRODUCT_BUNDLE_IDENTIFIER = py.com.fabianskier.BankeyUnitTests;
				PRODUCT_NAME = "$(TARGET_NAME)";
				SWIFT_EMIT_LOC_STRINGS = NO;
				SWIFT_OPTIMIZATION_LEVEL = "-Onone";
				SWIFT_VERSION = 5.0;
				TARGETED_DEVICE_FAMILY = "1,2";
				TEST_HOST = "$(BUILT_PRODUCTS_DIR)/Bankey.app/Bankey";
			};
			name = Debug;
		};
		071229AB285649450069FA8E /* Release */ = {
			isa = XCBuildConfiguration;
			buildSettings = {
				BUNDLE_LOADER = "$(TEST_HOST)";
				CLANG_ENABLE_MODULES = YES;
				CODE_SIGN_STYLE = Automatic;
				CURRENT_PROJECT_VERSION = 1;
				DEVELOPMENT_TEAM = S5B48PD3CP;
				GENERATE_INFOPLIST_FILE = YES;
				IPHONEOS_DEPLOYMENT_TARGET = 15.5;
				LD_RUNPATH_SEARCH_PATHS = (
					"$(inherited)",
					"@executable_path/Frameworks",
					"@loader_path/Frameworks",
				);
				MARKETING_VERSION = 1.0;
				PRODUCT_BUNDLE_IDENTIFIER = py.com.fabianskier.BankeyUnitTests;
				PRODUCT_NAME = "$(TARGET_NAME)";
				SWIFT_EMIT_LOC_STRINGS = NO;
				SWIFT_VERSION = 5.0;
				TARGETED_DEVICE_FAMILY = "1,2";
				TEST_HOST = "$(BUILT_PRODUCTS_DIR)/Bankey.app/Bankey";
			};
			name = Release;
		};
		07D69A7427D193E800552009 /* Debug */ = {
			isa = XCBuildConfiguration;
			buildSettings = {
				ALWAYS_SEARCH_USER_PATHS = NO;
				CLANG_ANALYZER_NONNULL = YES;
				CLANG_ANALYZER_NUMBER_OBJECT_CONVERSION = YES_AGGRESSIVE;
				CLANG_CXX_LANGUAGE_STANDARD = "gnu++17";
				CLANG_CXX_LIBRARY = "libc++";
				CLANG_ENABLE_MODULES = YES;
				CLANG_ENABLE_OBJC_ARC = YES;
				CLANG_ENABLE_OBJC_WEAK = YES;
				CLANG_WARN_BLOCK_CAPTURE_AUTORELEASING = YES;
				CLANG_WARN_BOOL_CONVERSION = YES;
				CLANG_WARN_COMMA = YES;
				CLANG_WARN_CONSTANT_CONVERSION = YES;
				CLANG_WARN_DEPRECATED_OBJC_IMPLEMENTATIONS = YES;
				CLANG_WARN_DIRECT_OBJC_ISA_USAGE = YES_ERROR;
				CLANG_WARN_DOCUMENTATION_COMMENTS = YES;
				CLANG_WARN_EMPTY_BODY = YES;
				CLANG_WARN_ENUM_CONVERSION = YES;
				CLANG_WARN_INFINITE_RECURSION = YES;
				CLANG_WARN_INT_CONVERSION = YES;
				CLANG_WARN_NON_LITERAL_NULL_CONVERSION = YES;
				CLANG_WARN_OBJC_IMPLICIT_RETAIN_SELF = YES;
				CLANG_WARN_OBJC_LITERAL_CONVERSION = YES;
				CLANG_WARN_OBJC_ROOT_CLASS = YES_ERROR;
				CLANG_WARN_QUOTED_INCLUDE_IN_FRAMEWORK_HEADER = YES;
				CLANG_WARN_RANGE_LOOP_ANALYSIS = YES;
				CLANG_WARN_STRICT_PROTOTYPES = YES;
				CLANG_WARN_SUSPICIOUS_MOVE = YES;
				CLANG_WARN_UNGUARDED_AVAILABILITY = YES_AGGRESSIVE;
				CLANG_WARN_UNREACHABLE_CODE = YES;
				CLANG_WARN__DUPLICATE_METHOD_MATCH = YES;
				COPY_PHASE_STRIP = NO;
				DEBUG_INFORMATION_FORMAT = dwarf;
				ENABLE_STRICT_OBJC_MSGSEND = YES;
				ENABLE_TESTABILITY = YES;
				GCC_C_LANGUAGE_STANDARD = gnu11;
				GCC_DYNAMIC_NO_PIC = NO;
				GCC_NO_COMMON_BLOCKS = YES;
				GCC_OPTIMIZATION_LEVEL = 0;
				GCC_PREPROCESSOR_DEFINITIONS = (
					"DEBUG=1",
					"$(inherited)",
				);
				GCC_WARN_64_TO_32_BIT_CONVERSION = YES;
				GCC_WARN_ABOUT_RETURN_TYPE = YES_ERROR;
				GCC_WARN_UNDECLARED_SELECTOR = YES;
				GCC_WARN_UNINITIALIZED_AUTOS = YES_AGGRESSIVE;
				GCC_WARN_UNUSED_FUNCTION = YES;
				GCC_WARN_UNUSED_VARIABLE = YES;
				IPHONEOS_DEPLOYMENT_TARGET = 15.2;
				MTL_ENABLE_DEBUG_INFO = INCLUDE_SOURCE;
				MTL_FAST_MATH = YES;
				ONLY_ACTIVE_ARCH = YES;
				SDKROOT = iphoneos;
				SWIFT_ACTIVE_COMPILATION_CONDITIONS = DEBUG;
				SWIFT_OPTIMIZATION_LEVEL = "-Onone";
			};
			name = Debug;
		};
		07D69A7527D193E800552009 /* Release */ = {
			isa = XCBuildConfiguration;
			buildSettings = {
				ALWAYS_SEARCH_USER_PATHS = NO;
				CLANG_ANALYZER_NONNULL = YES;
				CLANG_ANALYZER_NUMBER_OBJECT_CONVERSION = YES_AGGRESSIVE;
				CLANG_CXX_LANGUAGE_STANDARD = "gnu++17";
				CLANG_CXX_LIBRARY = "libc++";
				CLANG_ENABLE_MODULES = YES;
				CLANG_ENABLE_OBJC_ARC = YES;
				CLANG_ENABLE_OBJC_WEAK = YES;
				CLANG_WARN_BLOCK_CAPTURE_AUTORELEASING = YES;
				CLANG_WARN_BOOL_CONVERSION = YES;
				CLANG_WARN_COMMA = YES;
				CLANG_WARN_CONSTANT_CONVERSION = YES;
				CLANG_WARN_DEPRECATED_OBJC_IMPLEMENTATIONS = YES;
				CLANG_WARN_DIRECT_OBJC_ISA_USAGE = YES_ERROR;
				CLANG_WARN_DOCUMENTATION_COMMENTS = YES;
				CLANG_WARN_EMPTY_BODY = YES;
				CLANG_WARN_ENUM_CONVERSION = YES;
				CLANG_WARN_INFINITE_RECURSION = YES;
				CLANG_WARN_INT_CONVERSION = YES;
				CLANG_WARN_NON_LITERAL_NULL_CONVERSION = YES;
				CLANG_WARN_OBJC_IMPLICIT_RETAIN_SELF = YES;
				CLANG_WARN_OBJC_LITERAL_CONVERSION = YES;
				CLANG_WARN_OBJC_ROOT_CLASS = YES_ERROR;
				CLANG_WARN_QUOTED_INCLUDE_IN_FRAMEWORK_HEADER = YES;
				CLANG_WARN_RANGE_LOOP_ANALYSIS = YES;
				CLANG_WARN_STRICT_PROTOTYPES = YES;
				CLANG_WARN_SUSPICIOUS_MOVE = YES;
				CLANG_WARN_UNGUARDED_AVAILABILITY = YES_AGGRESSIVE;
				CLANG_WARN_UNREACHABLE_CODE = YES;
				CLANG_WARN__DUPLICATE_METHOD_MATCH = YES;
				COPY_PHASE_STRIP = NO;
				DEBUG_INFORMATION_FORMAT = "dwarf-with-dsym";
				ENABLE_NS_ASSERTIONS = NO;
				ENABLE_STRICT_OBJC_MSGSEND = YES;
				GCC_C_LANGUAGE_STANDARD = gnu11;
				GCC_NO_COMMON_BLOCKS = YES;
				GCC_WARN_64_TO_32_BIT_CONVERSION = YES;
				GCC_WARN_ABOUT_RETURN_TYPE = YES_ERROR;
				GCC_WARN_UNDECLARED_SELECTOR = YES;
				GCC_WARN_UNINITIALIZED_AUTOS = YES_AGGRESSIVE;
				GCC_WARN_UNUSED_FUNCTION = YES;
				GCC_WARN_UNUSED_VARIABLE = YES;
				IPHONEOS_DEPLOYMENT_TARGET = 15.2;
				MTL_ENABLE_DEBUG_INFO = NO;
				MTL_FAST_MATH = YES;
				SDKROOT = iphoneos;
				SWIFT_COMPILATION_MODE = wholemodule;
				SWIFT_OPTIMIZATION_LEVEL = "-O";
				VALIDATE_PRODUCT = YES;
			};
			name = Release;
		};
		07D69A7727D193E800552009 /* Debug */ = {
			isa = XCBuildConfiguration;
			buildSettings = {
				ASSETCATALOG_COMPILER_APPICON_NAME = AppIcon;
				ASSETCATALOG_COMPILER_GLOBAL_ACCENT_COLOR_NAME = AccentColor;
				CODE_SIGN_STYLE = Automatic;
				CURRENT_PROJECT_VERSION = 1;
				DEVELOPMENT_TEAM = S5B48PD3CP;
				GENERATE_INFOPLIST_FILE = YES;
				INFOPLIST_FILE = Bankey/Info.plist;
				INFOPLIST_KEY_UIApplicationSupportsIndirectInputEvents = YES;
				INFOPLIST_KEY_UILaunchStoryboardName = LaunchScreen;
				INFOPLIST_KEY_UISupportedInterfaceOrientations_iPad = "UIInterfaceOrientationPortrait UIInterfaceOrientationPortraitUpsideDown UIInterfaceOrientationLandscapeLeft UIInterfaceOrientationLandscapeRight";
				INFOPLIST_KEY_UISupportedInterfaceOrientations_iPhone = "UIInterfaceOrientationPortrait UIInterfaceOrientationLandscapeLeft UIInterfaceOrientationLandscapeRight";
				LD_RUNPATH_SEARCH_PATHS = (
					"$(inherited)",
					"@executable_path/Frameworks",
				);
				MARKETING_VERSION = 1.0;
				PRODUCT_BUNDLE_IDENTIFIER = py.com.fabianskier.Bankey;
				PRODUCT_NAME = "$(TARGET_NAME)";
				SWIFT_EMIT_LOC_STRINGS = YES;
				SWIFT_VERSION = 5.0;
				TARGETED_DEVICE_FAMILY = "1,2";
			};
			name = Debug;
		};
		07D69A7827D193E800552009 /* Release */ = {
			isa = XCBuildConfiguration;
			buildSettings = {
				ASSETCATALOG_COMPILER_APPICON_NAME = AppIcon;
				ASSETCATALOG_COMPILER_GLOBAL_ACCENT_COLOR_NAME = AccentColor;
				CODE_SIGN_STYLE = Automatic;
				CURRENT_PROJECT_VERSION = 1;
				DEVELOPMENT_TEAM = S5B48PD3CP;
				GENERATE_INFOPLIST_FILE = YES;
				INFOPLIST_FILE = Bankey/Info.plist;
				INFOPLIST_KEY_UIApplicationSupportsIndirectInputEvents = YES;
				INFOPLIST_KEY_UILaunchStoryboardName = LaunchScreen;
				INFOPLIST_KEY_UISupportedInterfaceOrientations_iPad = "UIInterfaceOrientationPortrait UIInterfaceOrientationPortraitUpsideDown UIInterfaceOrientationLandscapeLeft UIInterfaceOrientationLandscapeRight";
				INFOPLIST_KEY_UISupportedInterfaceOrientations_iPhone = "UIInterfaceOrientationPortrait UIInterfaceOrientationLandscapeLeft UIInterfaceOrientationLandscapeRight";
				LD_RUNPATH_SEARCH_PATHS = (
					"$(inherited)",
					"@executable_path/Frameworks",
				);
				MARKETING_VERSION = 1.0;
				PRODUCT_BUNDLE_IDENTIFIER = py.com.fabianskier.Bankey;
				PRODUCT_NAME = "$(TARGET_NAME)";
				SWIFT_EMIT_LOC_STRINGS = YES;
				SWIFT_VERSION = 5.0;
				TARGETED_DEVICE_FAMILY = "1,2";
			};
			name = Release;
		};
/* End XCBuildConfiguration section */

/* Begin XCConfigurationList section */
		071229AC285649450069FA8E /* Build configuration list for PBXNativeTarget "BankeyUnitTests" */ = {
			isa = XCConfigurationList;
			buildConfigurations = (
				071229AA285649450069FA8E /* Debug */,
				071229AB285649450069FA8E /* Release */,
			);
			defaultConfigurationIsVisible = 0;
			defaultConfigurationName = Release;
		};
		07D69A5D27D193E700552009 /* Build configuration list for PBXProject "Bankey" */ = {
			isa = XCConfigurationList;
			buildConfigurations = (
				07D69A7427D193E800552009 /* Debug */,
				07D69A7527D193E800552009 /* Release */,
			);
			defaultConfigurationIsVisible = 0;
			defaultConfigurationName = Release;
		};
		07D69A7627D193E800552009 /* Build configuration list for PBXNativeTarget "Bankey" */ = {
			isa = XCConfigurationList;
			buildConfigurations = (
				07D69A7727D193E800552009 /* Debug */,
				07D69A7827D193E800552009 /* Release */,
			);
			defaultConfigurationIsVisible = 0;
			defaultConfigurationName = Release;
		};
/* End XCConfigurationList section */
	};
	rootObject = 07D69A5A27D193E700552009 /* Project object */;
}
